
Microsoft Visual Studio Solution File, Format Version 12.00
# Visual Studio Version 17
VisualStudioVersion = 17.2.32616.157
MinimumVisualStudioVersion = 10.0.40219.1
Project("{FAE04EC0-301F-11D3-BF4B-00C04F79EFBC}") = "AplicacionWebTFG", "AplicacionWebTFG\AplicacionWebTFG.csproj", "{AA77B0FD-9E8D-4218-9B0D-67EA2541AF2B}"
EndProject
Global
	GlobalSection(SolutionConfigurationPlatforms) = preSolution
		Debug|Any CPU = Debug|Any CPU
		Release|Any CPU = Release|Any CPU
	EndGlobalSection
	GlobalSection(ProjectConfigurationPlatforms) = postSolution
		{AA77B0FD-9E8D-4218-9B0D-67EA2541AF2B}.Debug|Any CPU.ActiveCfg = Debug|Any CPU
		{AA77B0FD-9E8D-4218-9B0D-67EA2541AF2B}.Debug|Any CPU.Build.0 = Debug|Any CPU
		{AA77B0FD-9E8D-4218-9B0D-67EA2541AF2B}.Release|Any CPU.ActiveCfg = Release|Any CPU
		{AA77B0FD-9E8D-4218-9B0D-67EA2541AF2B}.Release|Any CPU.Build.0 = Release|Any CPU
	EndGlobalSection
	GlobalSection(SolutionProperties) = preSolution
		HideSolutionNode = FALSE
	EndGlobalSection
	GlobalSection(ExtensibilityGlobals) = postSolution
		SolutionGuid = {12077A3F-5B10-4834-8B2F-4BA298CAA498}
	EndGlobalSection
EndGlobal
